<?xml version="1.0" encoding="utf-8"?>
<Project ToolsVersion="17.0" xmlns="http://schemas.microsoft.com/developer/msbuild/2003">
  <ItemGroup>
    <ClCompile Include="E:\C_Projects_VS\cmake_project\Nexor_intpr\src\Interpreter.cpp">
      <Filter>Source Files</Filter>
    </ClCompile>
    <ClCompile Include="E:\C_Projects_VS\cmake_project\Nexor_intpr\src\Variables_int.cpp">
      <Filter>Source Files</Filter>
    </ClCompile>
    <ClCompile Include="E:\C_Projects_VS\cmake_project\Nexor_intpr\src\main.cpp">
      <Filter>Source Files</Filter>
    </ClCompile>
  </ItemGroup>
  <ItemGroup>
    <ClInclude Include="E:\C_Projects_VS\cmake_project\Nexor_intpr\src\Interpreter.hpp">
      <Filter>Header Files</Filter>
    </ClInclude>
    <ClInclude Include="E:\C_Projects_VS\cmake_project\Nexor_intpr\src\Variables_int.hpp">
      <Filter>Header Files</Filter>
    </ClInclude>
    <ClInclude Include="E:\C_Projects_VS\cmake_project\Nexor_intpr\src\globals.hpp">
      <Filter>Header Files</Filter>
    </ClInclude>
    <ClInclude Include="E:\C_Projects_VS\cmake_project\Nexor_intpr\src\struct.hpp">
      <Filter>Header Files</Filter>
    </ClInclude>
  </ItemGroup>
  <ItemGroup>
    <CustomBuild Include="E:\C_Projects_VS\cmake_project\Nexor_intpr\CMakeLists.txt" />
  </ItemGroup>
  <ItemGroup>
    <Filter Include="Header Files">
      <UniqueIdentifier>{F86F73F8-F632-3EB5-ACCE-39FC90D2C401}</UniqueIdentifier>
    </Filter>
    <Filter Include="Source Files">
      <UniqueIdentifier>{CE00DF90-8B5A-3F35-8415-7114FC6D40D4}</UniqueIdentifier>
    </Filter>
  </ItemGroup>
</Project>
